
Microsoft Visual Studio Solution File, Format Version 12.00
# Visual Studio Version 17
VisualStudioVersion = 17.9.34728.123
MinimumVisualStudioVersion = 10.0.40219.1
Project("{54A90642-561A-4BB1-A94E-469ADEE60C69}") = "arte-festiva-atelie", "arte-festiva-atelie.esproj", "{F384CCCF-B23A-447F-9750-E55C6EF44950}"
EndProject
Project("{2150E333-8FDC-42A3-9474-1A3956D46DE8}") = "Itens de Solução", "Itens de Solução", "{21DAE403-3F94-48FC-B0F9-F24A905839F4}"
EndProject
Global
	GlobalSection(SolutionConfigurationPlatforms) = preSolution
		Debug|Any CPU = Debug|Any CPU
		Release|Any CPU = Release|Any CPU
	EndGlobalSection
	GlobalSection(ProjectConfigurationPlatforms) = postSolution
		{F384CCCF-B23A-447F-9750-E55C6EF44950}.Debug|Any CPU.ActiveCfg = Debug|Any CPU
		{F384CCCF-B23A-447F-9750-E55C6EF44950}.Debug|Any CPU.Build.0 = Debug|Any CPU
		{F384CCCF-B23A-447F-9750-E55C6EF44950}.Debug|Any CPU.Deploy.0 = Debug|Any CPU
		{F384CCCF-B23A-447F-9750-E55C6EF44950}.Release|Any CPU.ActiveCfg = Release|Any CPU
		{F384CCCF-B23A-447F-9750-E55C6EF44950}.Release|Any CPU.Build.0 = Release|Any CPU
		{F384CCCF-B23A-447F-9750-E55C6EF44950}.Release|Any CPU.Deploy.0 = Release|Any CPU
	EndGlobalSection
	GlobalSection(SolutionProperties) = preSolution
		HideSolutionNode = FALSE
	EndGlobalSection
	GlobalSection(ExtensibilityGlobals) = postSolution
		SolutionGuid = {BFD0F24D-C8A1-4687-9A5F-330C0E825982}
	EndGlobalSection
EndGlobal
